// !$*UTF8*$!
{
	archiveVersion = 1;
	classes = {
	};
	objectVersion = 56;
	objects = {

/* Begin PBXBuildFile section */
		480787FF2954C8D200D073AF /* LocationSearchActivationView.swift in Sources */ = {isa = PBXBuildFile; fileRef = 480787FE2954C8D200D073AF /* LocationSearchActivationView.swift */; };
		480788012954DA3F00D073AF /* ActionButtonView.swift in Sources */ = {isa = PBXBuildFile; fileRef = 480788002954DA3F00D073AF /* ActionButtonView.swift */; };
		480788032954DF4F00D073AF /* LocationSearchView.swift in Sources */ = {isa = PBXBuildFile; fileRef = 480788022954DF4F00D073AF /* LocationSearchView.swift */; };
		480788052954E58500D073AF /* LocationSearchResultCell.swift in Sources */ = {isa = PBXBuildFile; fileRef = 480788042954E58500D073AF /* LocationSearchResultCell.swift */; };
		480788072955400F00D073AF /* LocationSearchViewModel.swift in Sources */ = {isa = PBXBuildFile; fileRef = 480788062955400F00D073AF /* LocationSearchViewModel.swift */; };
		481D127C2956447F00661BA7 /* MapViewState.swift in Sources */ = {isa = PBXBuildFile; fileRef = 481D127B2956447F00661BA7 /* MapViewState.swift */; };
		481D127F2956AC6700661BA7 /* RideRequestView.swift in Sources */ = {isa = PBXBuildFile; fileRef = 481D127E2956AC6700661BA7 /* RideRequestView.swift */; };
		481D12822957883900661BA7 /* RideType.swift in Sources */ = {isa = PBXBuildFile; fileRef = 481D12812957883900661BA7 /* RideType.swift */; };
		481D1284295B701000661BA7 /* Double.swift in Sources */ = {isa = PBXBuildFile; fileRef = 481D1283295B701000661BA7 /* Double.swift */; };
		481D1286295B718600661BA7 /* Location.swift in Sources */ = {isa = PBXBuildFile; fileRef = 481D1285295B718600661BA7 /* Location.swift */; };
		48A7B115294FCC1900778970 /* UberApp.swift in Sources */ = {isa = PBXBuildFile; fileRef = 48A7B114294FCC1900778970 /* UberApp.swift */; };
		48A7B119294FCC1A00778970 /* Assets.xcassets in Resources */ = {isa = PBXBuildFile; fileRef = 48A7B118294FCC1A00778970 /* Assets.xcassets */; };
		48A7B11D294FCC1A00778970 /* Preview Assets.xcassets in Resources */ = {isa = PBXBuildFile; fileRef = 48A7B11C294FCC1A00778970 /* Preview Assets.xcassets */; };
		48A7B12C294FCC9300778970 /* HomeView.swift in Sources */ = {isa = PBXBuildFile; fileRef = 48A7B12B294FCC9300778970 /* HomeView.swift */; };
		48E5A00B294FE71F0030C861 /* MapViewRepresentable.swift in Sources */ = {isa = PBXBuildFile; fileRef = 48E5A00A294FE71F0030C861 /* MapViewRepresentable.swift */; };
		48E5A00D294FE8C50030C861 /* LocationManager.swift in Sources */ = {isa = PBXBuildFile; fileRef = 48E5A00C294FE8C50030C861 /* LocationManager.swift */; };
/* End PBXBuildFile section */

/* Begin PBXFileReference section */
		480787FE2954C8D200D073AF /* LocationSearchActivationView.swift */ = {isa = PBXFileReference; lastKnownFileType = sourcecode.swift; path = LocationSearchActivationView.swift; sourceTree = "<group>"; };
		480788002954DA3F00D073AF /* ActionButtonView.swift */ = {isa = PBXFileReference; lastKnownFileType = sourcecode.swift; path = ActionButtonView.swift; sourceTree = "<group>"; };
		480788022954DF4F00D073AF /* LocationSearchView.swift */ = {isa = PBXFileReference; lastKnownFileType = sourcecode.swift; path = LocationSearchView.swift; sourceTree = "<group>"; };
		480788042954E58500D073AF /* LocationSearchResultCell.swift */ = {isa = PBXFileReference; lastKnownFileType = sourcecode.swift; path = LocationSearchResultCell.swift; sourceTree = "<group>"; };
		480788062955400F00D073AF /* LocationSearchViewModel.swift */ = {isa = PBXFileReference; lastKnownFileType = sourcecode.swift; path = LocationSearchViewModel.swift; sourceTree = "<group>"; };
		481D127B2956447F00661BA7 /* MapViewState.swift */ = {isa = PBXFileReference; lastKnownFileType = sourcecode.swift; name = MapViewState.swift; path = Core/LocationSearch/ViewModels/MapViewState.swift; sourceTree = SOURCE_ROOT; };
		481D127E2956AC6700661BA7 /* RideRequestView.swift */ = {isa = PBXFileReference; lastKnownFileType = sourcecode.swift; path = RideRequestView.swift; sourceTree = "<group>"; };
		481D12812957883900661BA7 /* RideType.swift */ = {isa = PBXFileReference; lastKnownFileType = sourcecode.swift; path = RideType.swift; sourceTree = "<group>"; };
		481D1283295B701000661BA7 /* Double.swift */ = {isa = PBXFileReference; lastKnownFileType = sourcecode.swift; path = Double.swift; sourceTree = "<group>"; };
		481D1285295B718600661BA7 /* Location.swift */ = {isa = PBXFileReference; lastKnownFileType = sourcecode.swift; path = Location.swift; sourceTree = "<group>"; };
		48A7B111294FCC1900778970 /* Uber.app */ = {isa = PBXFileReference; explicitFileType = wrapper.application; includeInIndex = 0; path = Uber.app; sourceTree = BUILT_PRODUCTS_DIR; };
		48A7B114294FCC1900778970 /* UberApp.swift */ = {isa = PBXFileReference; lastKnownFileType = sourcecode.swift; path = UberApp.swift; sourceTree = "<group>"; };
		48A7B118294FCC1A00778970 /* Assets.xcassets */ = {isa = PBXFileReference; lastKnownFileType = folder.assetcatalog; path = Assets.xcassets; sourceTree = "<group>"; };
		48A7B11A294FCC1A00778970 /* Uber.entitlements */ = {isa = PBXFileReference; lastKnownFileType = text.plist.entitlements; path = Uber.entitlements; sourceTree = "<group>"; };
		48A7B11C294FCC1A00778970 /* Preview Assets.xcassets */ = {isa = PBXFileReference; lastKnownFileType = folder.assetcatalog; path = "Preview Assets.xcassets"; sourceTree = "<group>"; };
		48A7B12B294FCC9300778970 /* HomeView.swift */ = {isa = PBXFileReference; lastKnownFileType = sourcecode.swift; path = HomeView.swift; sourceTree = "<group>"; };
		48E5A00A294FE71F0030C861 /* MapViewRepresentable.swift */ = {isa = PBXFileReference; lastKnownFileType = sourcecode.swift; path = MapViewRepresentable.swift; sourceTree = "<group>"; };
		48E5A00C294FE8C50030C861 /* LocationManager.swift */ = {isa = PBXFileReference; lastKnownFileType = sourcecode.swift; name = LocationManager.swift; path = Managers/LocationManager.swift; sourceTree = SOURCE_ROOT; };
		48E5A00E294FE9640030C861 /* Info.plist */ = {isa = PBXFileReference; lastKnownFileType = text.plist; path = Info.plist; sourceTree = "<group>"; };
/* End PBXFileReference section */

/* Begin PBXFrameworksBuildPhase section */
		48A7B10E294FCC1900778970 /* Frameworks */ = {
			isa = PBXFrameworksBuildPhase;
			buildActionMask = 2147483647;
			files = (
			);
			runOnlyForDeploymentPostprocessing = 0;
		};
/* End PBXFrameworksBuildPhase section */

/* Begin PBXGroup section */
		480787FA2954C87900D073AF /* Home */ = {
			isa = PBXGroup;
			children = (
				48A7B12A294FCC8300778970 /* Views */,
				48A7B129294FCC7D00778970 /* ViewModel */,
			);
			path = Home;
			sourceTree = "<group>";
		};
		480787FB2954C89700D073AF /* LocationSearch */ = {
			isa = PBXGroup;
			children = (
				480787FD2954C8A500D073AF /* ViewModels */,
				480787FC2954C89E00D073AF /* View */,
			);
			path = LocationSearch;
			sourceTree = "<group>";
		};
		480787FC2954C89E00D073AF /* View */ = {
			isa = PBXGroup;
			children = (
				480787FE2954C8D200D073AF /* LocationSearchActivationView.swift */,
				480788022954DF4F00D073AF /* LocationSearchView.swift */,
				480788042954E58500D073AF /* LocationSearchResultCell.swift */,
			);
			path = View;
			sourceTree = "<group>";
		};
		480787FD2954C8A500D073AF /* ViewModels */ = {
			isa = PBXGroup;
			children = (
				480788062955400F00D073AF /* LocationSearchViewModel.swift */,
			);
			path = ViewModels;
			sourceTree = "<group>";
		};
		481D127D2956AC5B00661BA7 /* Trips */ = {
			isa = PBXGroup;
			children = (
				481D127E2956AC6700661BA7 /* RideRequestView.swift */,
			);
			path = Trips;
			sourceTree = "<group>";
		};
		48A7B108294FCC1900778970 = {
			isa = PBXGroup;
			children = (
				48A7B128294FCC5900778970 /* Extensions */,
				48A7B127294FCC5400778970 /* Managers */,
				48A7B125294FCC3A00778970 /* Core */,
				48A7B124294FCC3500778970 /* Models */,
				48A7B123294FCC2D00778970 /* App */,
				48A7B113294FCC1900778970 /* Uber */,
				48A7B112294FCC1900778970 /* Products */,
			);
			sourceTree = "<group>";
		};
		48A7B112294FCC1900778970 /* Products */ = {
			isa = PBXGroup;
			children = (
				48A7B111294FCC1900778970 /* Uber.app */,
			);
			name = Products;
			sourceTree = "<group>";
		};
		48A7B113294FCC1900778970 /* Uber */ = {
			isa = PBXGroup;
			children = (
				48E5A00E294FE9640030C861 /* Info.plist */,
				48A7B118294FCC1A00778970 /* Assets.xcassets */,
				48A7B11A294FCC1A00778970 /* Uber.entitlements */,
				48A7B11B294FCC1A00778970 /* Preview Content */,
			);
			path = Uber;
			sourceTree = "<group>";
		};
		48A7B11B294FCC1A00778970 /* Preview Content */ = {
			isa = PBXGroup;
			children = (
				48A7B11C294FCC1A00778970 /* Preview Assets.xcassets */,
			);
			path = "Preview Content";
			sourceTree = "<group>";
		};
		48A7B123294FCC2D00778970 /* App */ = {
			isa = PBXGroup;
			children = (
				48A7B114294FCC1900778970 /* UberApp.swift */,
			);
			path = App;
			sourceTree = "<group>";
		};
		48A7B124294FCC3500778970 /* Models */ = {
			isa = PBXGroup;
			children = (
				481D127B2956447F00661BA7 /* MapViewState.swift */,
				481D12812957883900661BA7 /* RideType.swift */,
				481D1285295B718600661BA7 /* Location.swift */,
			);
			path = Models;
			sourceTree = "<group>";
		};
		48A7B125294FCC3A00778970 /* Core */ = {
			isa = PBXGroup;
			children = (
				481D127D2956AC5B00661BA7 /* Trips */,
				480787FB2954C89700D073AF /* LocationSearch */,
				480787FA2954C87900D073AF /* Home */,
			);
			path = Core;
			sourceTree = "<group>";
		};
		48A7B127294FCC5400778970 /* Managers */ = {
			isa = PBXGroup;
			children = (
				48E5A00C294FE8C50030C861 /* LocationManager.swift */,
			);
			path = Managers;
			sourceTree = "<group>";
		};
		48A7B128294FCC5900778970 /* Extensions */ = {
			isa = PBXGroup;
			children = (
				481D1283295B701000661BA7 /* Double.swift */,
			);
			path = Extensions;
			sourceTree = "<group>";
		};
		48A7B129294FCC7D00778970 /* ViewModel */ = {
			isa = PBXGroup;
			children = (
			);
			name = ViewModel;
			path = ../ViewModel;
			sourceTree = "<group>";
		};
		48A7B12A294FCC8300778970 /* Views */ = {
			isa = PBXGroup;
			children = (
				48A7B12B294FCC9300778970 /* HomeView.swift */,
				48E5A00A294FE71F0030C861 /* MapViewRepresentable.swift */,
				480788002954DA3F00D073AF /* ActionButtonView.swift */,
			);
			path = Views;
			sourceTree = "<group>";
		};
/* End PBXGroup section */

/* Begin PBXNativeTarget section */
		48A7B110294FCC1900778970 /* Uber */ = {
			isa = PBXNativeTarget;
			buildConfigurationList = 48A7B120294FCC1A00778970 /* Build configuration list for PBXNativeTarget "Uber" */;
			buildPhases = (
				48A7B10D294FCC1900778970 /* Sources */,
				48A7B10E294FCC1900778970 /* Frameworks */,
				48A7B10F294FCC1900778970 /* Resources */,
			);
			buildRules = (
			);
			dependencies = (
			);
			name = Uber;
			productName = Uber;
			productReference = 48A7B111294FCC1900778970 /* Uber.app */;
			productType = "com.apple.product-type.application";
		};
/* End PBXNativeTarget section */

/* Begin PBXProject section */
		48A7B109294FCC1900778970 /* Project object */ = {
			isa = PBXProject;
			attributes = {
				BuildIndependentTargetsInParallel = 1;
				LastSwiftUpdateCheck = 1420;
				LastUpgradeCheck = 1420;
				TargetAttributes = {
					48A7B110294FCC1900778970 = {
						CreatedOnToolsVersion = 14.2;
					};
				};
			};
			buildConfigurationList = 48A7B10C294FCC1900778970 /* Build configuration list for PBXProject "Uber" */;
			compatibilityVersion = "Xcode 14.0";
			developmentRegion = en;
			hasScannedForEncodings = 0;
			knownRegions = (
				en,
				Base,
			);
			mainGroup = 48A7B108294FCC1900778970;
			productRefGroup = 48A7B112294FCC1900778970 /* Products */;
			projectDirPath = "";
			projectRoot = "";
			targets = (
				48A7B110294FCC1900778970 /* Uber */,
			);
		};
/* End PBXProject section */

/* Begin PBXResourcesBuildPhase section */
		48A7B10F294FCC1900778970 /* Resources */ = {
			isa = PBXResourcesBuildPhase;
			buildActionMask = 2147483647;
			files = (
				48A7B11D294FCC1A00778970 /* Preview Assets.xcassets in Resources */,
				48A7B119294FCC1A00778970 /* Assets.xcassets in Resources */,
			);
			runOnlyForDeploymentPostprocessing = 0;
		};
/* End PBXResourcesBuildPhase section */

/* Begin PBXSourcesBuildPhase section */
		48A7B10D294FCC1900778970 /* Sources */ = {
			isa = PBXSourcesBuildPhase;
			buildActionMask = 2147483647;
			files = (
				480788072955400F00D073AF /* LocationSearchViewModel.swift in Sources */,
				480788032954DF4F00D073AF /* LocationSearchView.swift in Sources */,
				480788012954DA3F00D073AF /* ActionButtonView.swift in Sources */,
				481D127F2956AC6700661BA7 /* RideRequestView.swift in Sources */,
				481D1284295B701000661BA7 /* Double.swift in Sources */,
				481D127C2956447F00661BA7 /* MapViewState.swift in Sources */,
				481D1286295B718600661BA7 /* Location.swift in Sources */,
				48E5A00D294FE8C50030C861 /* LocationManager.swift in Sources */,
				48A7B12C294FCC9300778970 /* HomeView.swift in Sources */,
				48E5A00B294FE71F0030C861 /* MapViewRepresentable.swift in Sources */,
				48A7B115294FCC1900778970 /* UberApp.swift in Sources */,
				480787FF2954C8D200D073AF /* LocationSearchActivationView.swift in Sources */,
				480788052954E58500D073AF /* LocationSearchResultCell.swift in Sources */,
				481D12822957883900661BA7 /* RideType.swift in Sources */,
			);
			runOnlyForDeploymentPostprocessing = 0;
		};
/* End PBXSourcesBuildPhase section */

/* Begin XCBuildConfiguration section */
		48A7B11E294FCC1A00778970 /* Debug */ = {
			isa = XCBuildConfiguration;
			buildSettings = {
				ALWAYS_SEARCH_USER_PATHS = NO;
				CLANG_ANALYZER_NONNULL = YES;
				CLANG_ANALYZER_NUMBER_OBJECT_CONVERSION = YES_AGGRESSIVE;
				CLANG_CXX_LANGUAGE_STANDARD = "gnu++20";
				CLANG_ENABLE_MODULES = YES;
				CLANG_ENABLE_OBJC_ARC = YES;
				CLANG_ENABLE_OBJC_WEAK = YES;
				CLANG_WARN_BLOCK_CAPTURE_AUTORELEASING = YES;
				CLANG_WARN_BOOL_CONVERSION = YES;
				CLANG_WARN_COMMA = YES;
				CLANG_WARN_CONSTANT_CONVERSION = YES;
				CLANG_WARN_DEPRECATED_OBJC_IMPLEMENTATIONS = YES;
				CLANG_WARN_DIRECT_OBJC_ISA_USAGE = YES_ERROR;
				CLANG_WARN_DOCUMENTATION_COMMENTS = YES;
				CLANG_WARN_EMPTY_BODY = YES;
				CLANG_WARN_ENUM_CONVERSION = YES;
				CLANG_WARN_INFINITE_RECURSION = YES;
				CLANG_WARN_INT_CONVERSION = YES;
				CLANG_WARN_NON_LITERAL_NULL_CONVERSION = YES;
				CLANG_WARN_OBJC_IMPLICIT_RETAIN_SELF = YES;
				CLANG_WARN_OBJC_LITERAL_CONVERSION = YES;
				CLANG_WARN_OBJC_ROOT_CLASS = YES_ERROR;
				CLANG_WARN_QUOTED_INCLUDE_IN_FRAMEWORK_HEADER = YES;
				CLANG_WARN_RANGE_LOOP_ANALYSIS = YES;
				CLANG_WARN_STRICT_PROTOTYPES = YES;
				CLANG_WARN_SUSPICIOUS_MOVE = YES;
				CLANG_WARN_UNGUARDED_AVAILABILITY = YES_AGGRESSIVE;
				CLANG_WARN_UNREACHABLE_CODE = YES;
				CLANG_WARN__DUPLICATE_METHOD_MATCH = YES;
				COPY_PHASE_STRIP = NO;
				DEBUG_INFORMATION_FORMAT = dwarf;
				ENABLE_STRICT_OBJC_MSGSEND = YES;
				ENABLE_TESTABILITY = YES;
				GCC_C_LANGUAGE_STANDARD = gnu11;
				GCC_DYNAMIC_NO_PIC = NO;
				GCC_NO_COMMON_BLOCKS = YES;
				GCC_OPTIMIZATION_LEVEL = 0;
				GCC_PREPROCESSOR_DEFINITIONS = (
					"DEBUG=1",
					"$(inherited)",
				);
				GCC_WARN_64_TO_32_BIT_CONVERSION = YES;
				GCC_WARN_ABOUT_RETURN_TYPE = YES_ERROR;
				GCC_WARN_UNDECLARED_SELECTOR = YES;
				GCC_WARN_UNINITIALIZED_AUTOS = YES_AGGRESSIVE;
				GCC_WARN_UNUSED_FUNCTION = YES;
				GCC_WARN_UNUSED_VARIABLE = YES;
				MTL_ENABLE_DEBUG_INFO = INCLUDE_SOURCE;
				MTL_FAST_MATH = YES;
				ONLY_ACTIVE_ARCH = YES;
				SWIFT_ACTIVE_COMPILATION_CONDITIONS = DEBUG;
				SWIFT_OPTIMIZATION_LEVEL = "-Onone";
			};
			name = Debug;
		};
		48A7B11F294FCC1A00778970 /* Release */ = {
			isa = XCBuildConfiguration;
			buildSettings = {
				ALWAYS_SEARCH_USER_PATHS = NO;
				CLANG_ANALYZER_NONNULL = YES;
				CLANG_ANALYZER_NUMBER_OBJECT_CONVERSION = YES_AGGRESSIVE;
				CLANG_CXX_LANGUAGE_STANDARD = "gnu++20";
				CLANG_ENABLE_MODULES = YES;
				CLANG_ENABLE_OBJC_ARC = YES;
				CLANG_ENABLE_OBJC_WEAK = YES;
				CLANG_WARN_BLOCK_CAPTURE_AUTORELEASING = YES;
				CLANG_WARN_BOOL_CONVERSION = YES;
				CLANG_WARN_COMMA = YES;
				CLANG_WARN_CONSTANT_CONVERSION = YES;
				CLANG_WARN_DEPRECATED_OBJC_IMPLEMENTATIONS = YES;
				CLANG_WARN_DIRECT_OBJC_ISA_USAGE = YES_ERROR;
				CLANG_WARN_DOCUMENTATION_COMMENTS = YES;
				CLANG_WARN_EMPTY_BODY = YES;
				CLANG_WARN_ENUM_CONVERSION = YES;
				CLANG_WARN_INFINITE_RECURSION = YES;
				CLANG_WARN_INT_CONVERSION = YES;
				CLANG_WARN_NON_LITERAL_NULL_CONVERSION = YES;
				CLANG_WARN_OBJC_IMPLICIT_RETAIN_SELF = YES;
				CLANG_WARN_OBJC_LITERAL_CONVERSION = YES;
				CLANG_WARN_OBJC_ROOT_CLASS = YES_ERROR;
				CLANG_WARN_QUOTED_INCLUDE_IN_FRAMEWORK_HEADER = YES;
				CLANG_WARN_RANGE_LOOP_ANALYSIS = YES;
				CLANG_WARN_STRICT_PROTOTYPES = YES;
				CLANG_WARN_SUSPICIOUS_MOVE = YES;
				CLANG_WARN_UNGUARDED_AVAILABILITY = YES_AGGRESSIVE;
				CLANG_WARN_UNREACHABLE_CODE = YES;
				CLANG_WARN__DUPLICATE_METHOD_MATCH = YES;
				COPY_PHASE_STRIP = NO;
				DEBUG_INFORMATION_FORMAT = "dwarf-with-dsym";
				ENABLE_NS_ASSERTIONS = NO;
				ENABLE_STRICT_OBJC_MSGSEND = YES;
				GCC_C_LANGUAGE_STANDARD = gnu11;
				GCC_NO_COMMON_BLOCKS = YES;
				GCC_WARN_64_TO_32_BIT_CONVERSION = YES;
				GCC_WARN_ABOUT_RETURN_TYPE = YES_ERROR;
				GCC_WARN_UNDECLARED_SELECTOR = YES;
				GCC_WARN_UNINITIALIZED_AUTOS = YES_AGGRESSIVE;
				GCC_WARN_UNUSED_FUNCTION = YES;
				GCC_WARN_UNUSED_VARIABLE = YES;
				MTL_ENABLE_DEBUG_INFO = NO;
				MTL_FAST_MATH = YES;
				SWIFT_COMPILATION_MODE = wholemodule;
				SWIFT_OPTIMIZATION_LEVEL = "-O";
			};
			name = Release;
		};
		48A7B121294FCC1A00778970 /* Debug */ = {
			isa = XCBuildConfiguration;
			buildSettings = {
				ASSETCATALOG_COMPILER_APPICON_NAME = AppIcon;
				ASSETCATALOG_COMPILER_GLOBAL_ACCENT_COLOR_NAME = AccentColor;
				CODE_SIGN_ENTITLEMENTS = Uber/Uber.entitlements;
				CODE_SIGN_STYLE = Automatic;
				CURRENT_PROJECT_VERSION = 1;
				DEVELOPMENT_ASSET_PATHS = "\"Uber/Preview Content\"";
				DEVELOPMENT_TEAM = 7G9293FBQG;
				ENABLE_HARDENED_RUNTIME = YES;
				ENABLE_PREVIEWS = YES;
				GENERATE_INFOPLIST_FILE = YES;
				INFOPLIST_FILE = Uber/Info.plist;
				INFOPLIST_KEY_CFBundleDisplayName = Uber;
				INFOPLIST_KEY_LSApplicationCategoryType = "public.app-category.travel";
				INFOPLIST_KEY_NSLocationWhenInUseUsageDescription = "Please allow us to access your location so we can find you with the nearest drivers.";
				"INFOPLIST_KEY_UIApplicationSceneManifest_Generation[sdk=iphoneos*]" = YES;
				"INFOPLIST_KEY_UIApplicationSceneManifest_Generation[sdk=iphonesimulator*]" = YES;
				"INFOPLIST_KEY_UIApplicationSupportsIndirectInputEvents[sdk=iphoneos*]" = YES;
				"INFOPLIST_KEY_UIApplicationSupportsIndirectInputEvents[sdk=iphonesimulator*]" = YES;
				"INFOPLIST_KEY_UILaunchScreen_Generation[sdk=iphoneos*]" = YES;
				"INFOPLIST_KEY_UILaunchScreen_Generation[sdk=iphonesimulator*]" = YES;
				"INFOPLIST_KEY_UIStatusBarStyle[sdk=iphoneos*]" = UIStatusBarStyleDefault;
				"INFOPLIST_KEY_UIStatusBarStyle[sdk=iphonesimulator*]" = UIStatusBarStyleDefault;
				INFOPLIST_KEY_UISupportedInterfaceOrientations_iPad = "UIInterfaceOrientationPortrait UIInterfaceOrientationPortraitUpsideDown UIInterfaceOrientationLandscapeLeft UIInterfaceOrientationLandscapeRight";
				INFOPLIST_KEY_UISupportedInterfaceOrientations_iPhone = "UIInterfaceOrientationPortrait UIInterfaceOrientationLandscapeLeft UIInterfaceOrientationLandscapeRight";
				IPHONEOS_DEPLOYMENT_TARGET = 16.2;
				LD_RUNPATH_SEARCH_PATHS = "@executable_path/Frameworks";
				"LD_RUNPATH_SEARCH_PATHS[sdk=macosx*]" = "@executable_path/../Frameworks";
				MACOSX_DEPLOYMENT_TARGET = 13.1;
				MARKETING_VERSION = 1.0;
				PRODUCT_BUNDLE_IDENTIFIER = com.tahaafzal.Uber;
				PRODUCT_NAME = "$(TARGET_NAME)";
				SDKROOT = auto;
				SUPPORTED_PLATFORMS = "iphoneos iphonesimulator";
				SUPPORTS_MACCATALYST = NO;
				SUPPORTS_MAC_DESIGNED_FOR_IPHONE_IPAD = NO;
				SWIFT_EMIT_LOC_STRINGS = YES;
				SWIFT_VERSION = 5.0;
				TARGETED_DEVICE_FAMILY = 1;
			};
			name = Debug;
		};
		48A7B122294FCC1A00778970 /* Release */ = {
			isa = XCBuildConfiguration;
			buildSettings = {
				ASSETCATALOG_COMPILER_APPICON_NAME = AppIcon;
				ASSETCATALOG_COMPILER_GLOBAL_ACCENT_COLOR_NAME = AccentColor;
				CODE_SIGN_ENTITLEMENTS = Uber/Uber.entitlements;
				CODE_SIGN_STYLE = Automatic;
				CURRENT_PROJECT_VERSION = 1;
				DEVELOPMENT_ASSET_PATHS = "\"Uber/Preview Content\"";
				DEVELOPMENT_TEAM = 7G9293FBQG;
				ENABLE_HARDENED_RUNTIME = YES;
				ENABLE_PREVIEWS = YES;
				GENERATE_INFOPLIST_FILE = YES;
				INFOPLIST_FILE = Uber/Info.plist;
				INFOPLIST_KEY_CFBundleDisplayName = Uber;
				INFOPLIST_KEY_LSApplicationCategoryType = "public.app-category.travel";
				INFOPLIST_KEY_NSLocationWhenInUseUsageDescription = "Please allow us to access your location so we can find you with the nearest drivers.";
				"INFOPLIST_KEY_UIApplicationSceneManifest_Generation[sdk=iphoneos*]" = YES;
				"INFOPLIST_KEY_UIApplicationSceneManifest_Generation[sdk=iphonesimulator*]" = YES;
				"INFOPLIST_KEY_UIApplicationSupportsIndirectInputEvents[sdk=iphoneos*]" = YES;
				"INFOPLIST_KEY_UIApplicationSupportsIndirectInputEvents[sdk=iphonesimulator*]" = YES;
				"INFOPLIST_KEY_UILaunchScreen_Generation[sdk=iphoneos*]" = YES;
				"INFOPLIST_KEY_UILaunchScreen_Generation[sdk=iphonesimulator*]" = YES;
				"INFOPLIST_KEY_UIStatusBarStyle[sdk=iphoneos*]" = UIStatusBarStyleDefault;
				"INFOPLIST_KEY_UIStatusBarStyle[sdk=iphonesimulator*]" = UIStatusBarStyleDefault;
				INFOPLIST_KEY_UISupportedInterfaceOrientations_iPad = "UIInterfaceOrientationPortrait UIInterfaceOrientationPortraitUpsideDown UIInterfaceOrientationLandscapeLeft UIInterfaceOrientationLandscapeRight";
				INFOPLIST_KEY_UISupportedInterfaceOrientations_iPhone = "UIInterfaceOrientationPortrait UIInterfaceOrientationLandscapeLeft UIInterfaceOrientationLandscapeRight";
				IPHONEOS_DEPLOYMENT_TARGET = 16.2;
				LD_RUNPATH_SEARCH_PATHS = "@executable_path/Frameworks";
				"LD_RUNPATH_SEARCH_PATHS[sdk=macosx*]" = "@executable_path/../Frameworks";
				MACOSX_DEPLOYMENT_TARGET = 13.1;
				MARKETING_VERSION = 1.0;
				PRODUCT_BUNDLE_IDENTIFIER = com.tahaafzal.Uber;
				PRODUCT_NAME = "$(TARGET_NAME)";
				SDKROOT = auto;
				SUPPORTED_PLATFORMS = "iphoneos iphonesimulator";
				SUPPORTS_MACCATALYST = NO;
				SUPPORTS_MAC_DESIGNED_FOR_IPHONE_IPAD = NO;
				SWIFT_EMIT_LOC_STRINGS = YES;
				SWIFT_VERSION = 5.0;
				TARGETED_DEVICE_FAMILY = 1;
			};
			name = Release;
		};
/* End XCBuildConfiguration section */

/* Begin XCConfigurationList section */
		48A7B10C294FCC1900778970 /* Build configuration list for PBXProject "Uber" */ = {
			isa = XCConfigurationList;
			buildConfigurations = (
				48A7B11E294FCC1A00778970 /* Debug */,
				48A7B11F294FCC1A00778970 /* Release */,
			);
			defaultConfigurationIsVisible = 0;
			defaultConfigurationName = Release;
		};
		48A7B120294FCC1A00778970 /* Build configuration list for PBXNativeTarget "Uber" */ = {
			isa = XCConfigurationList;
			buildConfigurations = (
				48A7B121294FCC1A00778970 /* Debug */,
				48A7B122294FCC1A00778970 /* Release */,
			);
			defaultConfigurationIsVisible = 0;
			defaultConfigurationName = Release;
		};
/* End XCConfigurationList section */
	};
	rootObject = 48A7B109294FCC1900778970 /* Project object */;
}
